
Microsoft Visual Studio Solution File, Format Version 12.00
# Visual Studio Version 17
VisualStudioVersion = 17.3.32922.545
MinimumVisualStudioVersion = 10.0.40219.1
Project("{9A19103F-16F7-4668-BE54-9A1E7A4F7556}") = "Data Tipleri", "Data Tipleri\Data Tipleri.csproj", "{EA40038F-73C3-41F9-B140-9C8C4DD7EBE4}"
EndProject
Project("{9A19103F-16F7-4668-BE54-9A1E7A4F7556}") = "Tip Çevrilmələri", "Tip Çevrilmələri\Tip Çevrilmələri.csproj", "{7569DC8A-694A-4DAA-BA2A-C4368F9813FF}"
EndProject
Project("{9A19103F-16F7-4668-BE54-9A1E7A4F7556}") = "Operatorlar", "Operatorlar\Operatorlar.csproj", "{EDC3999C-2BFA-4420-9B8A-FFF43F2AFD22}"
EndProject
Project("{9A19103F-16F7-4668-BE54-9A1E7A4F7556}") = "IfElse_SwitchCase", "IfElse_SwitchCase\IfElse_SwitchCase.csproj", "{9D4C0195-252F-460A-9E79-27A1977A296E}"
EndProject
Project("{FAE04EC0-301F-11D3-BF4B-00C04F79EFBC}") = "Döngülər", "Döngülər\Döngülər.csproj", "{A51FE0DF-8B12-4684-A1EC-FB2373F95C77}"
EndProject
Global
	GlobalSection(SolutionConfigurationPlatforms) = preSolution
		Debug|Any CPU = Debug|Any CPU
		Release|Any CPU = Release|Any CPU
	EndGlobalSection
	GlobalSection(ProjectConfigurationPlatforms) = postSolution
		{EA40038F-73C3-41F9-B140-9C8C4DD7EBE4}.Debug|Any CPU.ActiveCfg = Debug|Any CPU
		{EA40038F-73C3-41F9-B140-9C8C4DD7EBE4}.Debug|Any CPU.Build.0 = Debug|Any CPU
		{EA40038F-73C3-41F9-B140-9C8C4DD7EBE4}.Release|Any CPU.ActiveCfg = Release|Any CPU
		{EA40038F-73C3-41F9-B140-9C8C4DD7EBE4}.Release|Any CPU.Build.0 = Release|Any CPU
		{7569DC8A-694A-4DAA-BA2A-C4368F9813FF}.Debug|Any CPU.ActiveCfg = Debug|Any CPU
		{7569DC8A-694A-4DAA-BA2A-C4368F9813FF}.Debug|Any CPU.Build.0 = Debug|Any CPU
		{7569DC8A-694A-4DAA-BA2A-C4368F9813FF}.Release|Any CPU.ActiveCfg = Release|Any CPU
		{7569DC8A-694A-4DAA-BA2A-C4368F9813FF}.Release|Any CPU.Build.0 = Release|Any CPU
		{EDC3999C-2BFA-4420-9B8A-FFF43F2AFD22}.Debug|Any CPU.ActiveCfg = Debug|Any CPU
		{EDC3999C-2BFA-4420-9B8A-FFF43F2AFD22}.Debug|Any CPU.Build.0 = Debug|Any CPU
		{EDC3999C-2BFA-4420-9B8A-FFF43F2AFD22}.Release|Any CPU.ActiveCfg = Release|Any CPU
		{EDC3999C-2BFA-4420-9B8A-FFF43F2AFD22}.Release|Any CPU.Build.0 = Release|Any CPU
		{9D4C0195-252F-460A-9E79-27A1977A296E}.Debug|Any CPU.ActiveCfg = Debug|Any CPU
		{9D4C0195-252F-460A-9E79-27A1977A296E}.Debug|Any CPU.Build.0 = Debug|Any CPU
		{9D4C0195-252F-460A-9E79-27A1977A296E}.Release|Any CPU.ActiveCfg = Release|Any CPU
		{9D4C0195-252F-460A-9E79-27A1977A296E}.Release|Any CPU.Build.0 = Release|Any CPU
		{A51FE0DF-8B12-4684-A1EC-FB2373F95C77}.Debug|Any CPU.ActiveCfg = Debug|Any CPU
		{A51FE0DF-8B12-4684-A1EC-FB2373F95C77}.Debug|Any CPU.Build.0 = Debug|Any CPU
		{A51FE0DF-8B12-4684-A1EC-FB2373F95C77}.Release|Any CPU.ActiveCfg = Release|Any CPU
		{A51FE0DF-8B12-4684-A1EC-FB2373F95C77}.Release|Any CPU.Build.0 = Release|Any CPU
	EndGlobalSection
	GlobalSection(SolutionProperties) = preSolution
		HideSolutionNode = FALSE
	EndGlobalSection
	GlobalSection(ExtensibilityGlobals) = postSolution
		SolutionGuid = {DFEDBE24-943A-4511-A64A-E22072812EA1}
	EndGlobalSection
EndGlobal
